// !$*UTF8*$!
{
	archiveVersion = 1;
	classes = {
	};
	objectVersion = 50;
	objects = {

/* Begin PBXBuildFile section */
		D32BE0AE27191300004DE73A /* Card1DataSource.swift in Sources */ = {isa = PBXBuildFile; fileRef = D32BE0AD27191300004DE73A /* Card1DataSource.swift */; };
		D32BE0B22719A880004DE73A /* Card2ModelCell.xib in Resources */ = {isa = PBXBuildFile; fileRef = D32BE0B12719A880004DE73A /* Card2ModelCell.xib */; };
		D32BE0B42719A8C1004DE73A /* Card2ModelCell.swift in Sources */ = {isa = PBXBuildFile; fileRef = D32BE0B32719A8C1004DE73A /* Card2ModelCell.swift */; };
		D32BE0B62719A8F7004DE73A /* Card2Model.swift in Sources */ = {isa = PBXBuildFile; fileRef = D32BE0B52719A8F7004DE73A /* Card2Model.swift */; };
		D32BE0C0271A3FBB004DE73A /* Card3ModelCell.swift in Sources */ = {isa = PBXBuildFile; fileRef = D32BE0BF271A3FBB004DE73A /* Card3ModelCell.swift */; };
		D32BE0C2271A3FCB004DE73A /* Card3Model.swift in Sources */ = {isa = PBXBuildFile; fileRef = D32BE0C1271A3FCB004DE73A /* Card3Model.swift */; };
		D32BE0C4271A3FF8004DE73A /* Card3ModelCell.xib in Resources */ = {isa = PBXBuildFile; fileRef = D32BE0C3271A3FF8004DE73A /* Card3ModelCell.xib */; };
		D3D56E72271630D2006E14EE /* AppDelegate.swift in Sources */ = {isa = PBXBuildFile; fileRef = D3D56E71271630D2006E14EE /* AppDelegate.swift */; };
		D3D56E74271630D2006E14EE /* SceneDelegate.swift in Sources */ = {isa = PBXBuildFile; fileRef = D3D56E73271630D2006E14EE /* SceneDelegate.swift */; };
		D3D56E76271630D2006E14EE /* ViewController.swift in Sources */ = {isa = PBXBuildFile; fileRef = D3D56E75271630D2006E14EE /* ViewController.swift */; };
		D3D56E79271630D2006E14EE /* Main.storyboard in Resources */ = {isa = PBXBuildFile; fileRef = D3D56E77271630D2006E14EE /* Main.storyboard */; };
		D3D56E7B271630D4006E14EE /* Assets.xcassets in Resources */ = {isa = PBXBuildFile; fileRef = D3D56E7A271630D4006E14EE /* Assets.xcassets */; };
		D3D56E7E271630D4006E14EE /* LaunchScreen.storyboard in Resources */ = {isa = PBXBuildFile; fileRef = D3D56E7C271630D4006E14EE /* LaunchScreen.storyboard */; };
		D3D56E8A27163381006E14EE /* GlobalProtocol.swift in Sources */ = {isa = PBXBuildFile; fileRef = D3D56E8927163381006E14EE /* GlobalProtocol.swift */; };
		D3D56E8F27163A99006E14EE /* PrincipalRootViewController.swift in Sources */ = {isa = PBXBuildFile; fileRef = D3D56E8E27163A99006E14EE /* PrincipalRootViewController.swift */; };
		D3D56E9127163ABD006E14EE /* RootDataSource.swift in Sources */ = {isa = PBXBuildFile; fileRef = D3D56E9027163ABD006E14EE /* RootDataSource.swift */; };
		D3D56E9527163D3F006E14EE /* PrimeiraCelulaModelCell.xib in Resources */ = {isa = PBXBuildFile; fileRef = D3D56E9427163D3F006E14EE /* PrimeiraCelulaModelCell.xib */; };
		D3D56E9727163D50006E14EE /* PrimeiraCelulaModelCell.swift in Sources */ = {isa = PBXBuildFile; fileRef = D3D56E9627163D50006E14EE /* PrimeiraCelulaModelCell.swift */; };
		D3D56E9927163D60006E14EE /* PrimeiraCelulaModel.swift in Sources */ = {isa = PBXBuildFile; fileRef = D3D56E9827163D60006E14EE /* PrimeiraCelulaModel.swift */; };
		D3D56E9B2716455B006E14EE /* GlobalExtension.swift in Sources */ = {isa = PBXBuildFile; fileRef = D3D56E9A2716455B006E14EE /* GlobalExtension.swift */; };
		D3D56EA227185B29006E14EE /* Card1ModelCell.xib in Resources */ = {isa = PBXBuildFile; fileRef = D3D56EA127185B29006E14EE /* Card1ModelCell.xib */; };
		D3D56EA427185B57006E14EE /* Card1ModelCell.swift in Sources */ = {isa = PBXBuildFile; fileRef = D3D56EA327185B57006E14EE /* Card1ModelCell.swift */; };
		D3D56EA627185B6F006E14EE /* Card1Model.swift in Sources */ = {isa = PBXBuildFile; fileRef = D3D56EA527185B6F006E14EE /* Card1Model.swift */; };
		D3D56EA82718E963006E14EE /* Card1ViewController.swift in Sources */ = {isa = PBXBuildFile; fileRef = D3D56EA72718E963006E14EE /* Card1ViewController.swift */; };
/* End PBXBuildFile section */

/* Begin PBXFileReference section */
		D32BE0AD27191300004DE73A /* Card1DataSource.swift */ = {isa = PBXFileReference; lastKnownFileType = sourcecode.swift; path = Card1DataSource.swift; sourceTree = "<group>"; };
		D32BE0B12719A880004DE73A /* Card2ModelCell.xib */ = {isa = PBXFileReference; lastKnownFileType = file.xib; path = Card2ModelCell.xib; sourceTree = "<group>"; };
		D32BE0B32719A8C1004DE73A /* Card2ModelCell.swift */ = {isa = PBXFileReference; lastKnownFileType = sourcecode.swift; path = Card2ModelCell.swift; sourceTree = "<group>"; };
		D32BE0B52719A8F7004DE73A /* Card2Model.swift */ = {isa = PBXFileReference; lastKnownFileType = sourcecode.swift; path = Card2Model.swift; sourceTree = "<group>"; };
		D32BE0BF271A3FBB004DE73A /* Card3ModelCell.swift */ = {isa = PBXFileReference; lastKnownFileType = sourcecode.swift; path = Card3ModelCell.swift; sourceTree = "<group>"; };
		D32BE0C1271A3FCB004DE73A /* Card3Model.swift */ = {isa = PBXFileReference; lastKnownFileType = sourcecode.swift; path = Card3Model.swift; sourceTree = "<group>"; };
		D32BE0C3271A3FF8004DE73A /* Card3ModelCell.xib */ = {isa = PBXFileReference; lastKnownFileType = file.xib; path = Card3ModelCell.xib; sourceTree = "<group>"; };
		D3D56E6E271630D2006E14EE /* SlaterTableView.app */ = {isa = PBXFileReference; explicitFileType = wrapper.application; includeInIndex = 0; path = SlaterTableView.app; sourceTree = BUILT_PRODUCTS_DIR; };
		D3D56E71271630D2006E14EE /* AppDelegate.swift */ = {isa = PBXFileReference; lastKnownFileType = sourcecode.swift; path = AppDelegate.swift; sourceTree = "<group>"; };
		D3D56E73271630D2006E14EE /* SceneDelegate.swift */ = {isa = PBXFileReference; lastKnownFileType = sourcecode.swift; path = SceneDelegate.swift; sourceTree = "<group>"; };
		D3D56E75271630D2006E14EE /* ViewController.swift */ = {isa = PBXFileReference; lastKnownFileType = sourcecode.swift; path = ViewController.swift; sourceTree = "<group>"; };
		D3D56E78271630D2006E14EE /* Base */ = {isa = PBXFileReference; lastKnownFileType = file.storyboard; name = Base; path = Base.lproj/Main.storyboard; sourceTree = "<group>"; };
		D3D56E7A271630D4006E14EE /* Assets.xcassets */ = {isa = PBXFileReference; lastKnownFileType = folder.assetcatalog; path = Assets.xcassets; sourceTree = "<group>"; };
		D3D56E7D271630D4006E14EE /* Base */ = {isa = PBXFileReference; lastKnownFileType = file.storyboard; name = Base; path = Base.lproj/LaunchScreen.storyboard; sourceTree = "<group>"; };
		D3D56E7F271630D4006E14EE /* Info.plist */ = {isa = PBXFileReference; lastKnownFileType = text.plist.xml; path = Info.plist; sourceTree = "<group>"; };
		D3D56E8927163381006E14EE /* GlobalProtocol.swift */ = {isa = PBXFileReference; lastKnownFileType = sourcecode.swift; path = GlobalProtocol.swift; sourceTree = "<group>"; };
		D3D56E8E27163A99006E14EE /* PrincipalRootViewController.swift */ = {isa = PBXFileReference; lastKnownFileType = sourcecode.swift; path = PrincipalRootViewController.swift; sourceTree = "<group>"; };
		D3D56E9027163ABD006E14EE /* RootDataSource.swift */ = {isa = PBXFileReference; lastKnownFileType = sourcecode.swift; path = RootDataSource.swift; sourceTree = "<group>"; };
		D3D56E9427163D3F006E14EE /* PrimeiraCelulaModelCell.xib */ = {isa = PBXFileReference; lastKnownFileType = file.xib; path = PrimeiraCelulaModelCell.xib; sourceTree = "<group>"; };
		D3D56E9627163D50006E14EE /* PrimeiraCelulaModelCell.swift */ = {isa = PBXFileReference; lastKnownFileType = sourcecode.swift; path = PrimeiraCelulaModelCell.swift; sourceTree = "<group>"; };
		D3D56E9827163D60006E14EE /* PrimeiraCelulaModel.swift */ = {isa = PBXFileReference; lastKnownFileType = sourcecode.swift; path = PrimeiraCelulaModel.swift; sourceTree = "<group>"; };
		D3D56E9A2716455B006E14EE /* GlobalExtension.swift */ = {isa = PBXFileReference; lastKnownFileType = sourcecode.swift; path = GlobalExtension.swift; sourceTree = "<group>"; };
		D3D56EA127185B29006E14EE /* Card1ModelCell.xib */ = {isa = PBXFileReference; lastKnownFileType = file.xib; path = Card1ModelCell.xib; sourceTree = "<group>"; };
		D3D56EA327185B57006E14EE /* Card1ModelCell.swift */ = {isa = PBXFileReference; lastKnownFileType = sourcecode.swift; path = Card1ModelCell.swift; sourceTree = "<group>"; };
		D3D56EA527185B6F006E14EE /* Card1Model.swift */ = {isa = PBXFileReference; lastKnownFileType = sourcecode.swift; path = Card1Model.swift; sourceTree = "<group>"; };
		D3D56EA72718E963006E14EE /* Card1ViewController.swift */ = {isa = PBXFileReference; lastKnownFileType = sourcecode.swift; path = Card1ViewController.swift; sourceTree = "<group>"; };
/* End PBXFileReference section */

/* Begin PBXFrameworksBuildPhase section */
		D3D56E6B271630D2006E14EE /* Frameworks */ = {
			isa = PBXFrameworksBuildPhase;
			buildActionMask = 2147483647;
			files = (
			);
			runOnlyForDeploymentPostprocessing = 0;
		};
/* End PBXFrameworksBuildPhase section */

/* Begin PBXGroup section */
		D32BE0BD271A3C01004DE73A /* Card1ViewController */ = {
			isa = PBXGroup;
			children = (
				D3D56E9F27185A47006E14EE /* TableView */,
				D3D56EA72718E963006E14EE /* Card1ViewController.swift */,
				D32BE0AD27191300004DE73A /* Card1DataSource.swift */,
			);
			path = Card1ViewController;
			sourceTree = "<group>";
		};
		D32BE0BE271A3C75004DE73A /* Cells */ = {
			isa = PBXGroup;
			children = (
				D32BE0C3271A3FF8004DE73A /* Card3ModelCell.xib */,
				D32BE0BF271A3FBB004DE73A /* Card3ModelCell.swift */,
				D32BE0C1271A3FCB004DE73A /* Card3Model.swift */,
				D32BE0B12719A880004DE73A /* Card2ModelCell.xib */,
				D32BE0B32719A8C1004DE73A /* Card2ModelCell.swift */,
				D32BE0B52719A8F7004DE73A /* Card2Model.swift */,
				D3D56EA127185B29006E14EE /* Card1ModelCell.xib */,
				D3D56EA327185B57006E14EE /* Card1ModelCell.swift */,
				D3D56EA527185B6F006E14EE /* Card1Model.swift */,
			);
			path = Cells;
			sourceTree = "<group>";
		};
		D3D56E65271630D2006E14EE = {
			isa = PBXGroup;
			children = (
				D3D56E70271630D2006E14EE /* SlaterTableView */,
				D3D56E6F271630D2006E14EE /* Products */,
			);
			sourceTree = "<group>";
		};
		D3D56E6F271630D2006E14EE /* Products */ = {
			isa = PBXGroup;
			children = (
				D3D56E6E271630D2006E14EE /* SlaterTableView.app */,
			);
			name = Products;
			sourceTree = "<group>";
		};
		D3D56E70271630D2006E14EE /* SlaterTableView */ = {
			isa = PBXGroup;
			children = (
				D3D56E85271632E7006E14EE /* GlobalHelpers */,
				D3D56E8B271635D0006E14EE /* Sections */,
				D3D56E71271630D2006E14EE /* AppDelegate.swift */,
				D3D56E73271630D2006E14EE /* SceneDelegate.swift */,
				D3D56E75271630D2006E14EE /* ViewController.swift */,
				D3D56E77271630D2006E14EE /* Main.storyboard */,
				D3D56E7A271630D4006E14EE /* Assets.xcassets */,
				D3D56E7C271630D4006E14EE /* LaunchScreen.storyboard */,
				D3D56E7F271630D4006E14EE /* Info.plist */,
			);
			path = SlaterTableView;
			sourceTree = "<group>";
		};
		D3D56E85271632E7006E14EE /* GlobalHelpers */ = {
			isa = PBXGroup;
			children = (
				D3D56E8827163352006E14EE /* GlobalProtocol */,
				D3D56E8727163345006E14EE /* GlobalExtension */,
				D3D56E8627163335006E14EE /* GlobalMethods */,
			);
			path = GlobalHelpers;
			sourceTree = "<group>";
		};
		D3D56E8627163335006E14EE /* GlobalMethods */ = {
			isa = PBXGroup;
			children = (
			);
			path = GlobalMethods;
			sourceTree = "<group>";
		};
		D3D56E8727163345006E14EE /* GlobalExtension */ = {
			isa = PBXGroup;
			children = (
				D3D56E9A2716455B006E14EE /* GlobalExtension.swift */,
			);
			path = GlobalExtension;
			sourceTree = "<group>";
		};
		D3D56E8827163352006E14EE /* GlobalProtocol */ = {
			isa = PBXGroup;
			children = (
				D3D56E8927163381006E14EE /* GlobalProtocol.swift */,
			);
			path = GlobalProtocol;
			sourceTree = "<group>";
		};
		D3D56E8B271635D0006E14EE /* Sections */ = {
			isa = PBXGroup;
			children = (
				D3D56E8C27163A4C006E14EE /* Principal */,
			);
			path = Sections;
			sourceTree = "<group>";
		};
		D3D56E8C27163A4C006E14EE /* Principal */ = {
			isa = PBXGroup;
			children = (
				D32BE0BD271A3C01004DE73A /* Card1ViewController */,
				D3D56E8D27163A65006E14EE /* RootViewController */,
			);
			path = Principal;
			sourceTree = "<group>";
		};
		D3D56E8D27163A65006E14EE /* RootViewController */ = {
			isa = PBXGroup;
			children = (
				D3D56E9227163CFF006E14EE /* TableView */,
				D3D56E8E27163A99006E14EE /* PrincipalRootViewController.swift */,
				D3D56E9027163ABD006E14EE /* RootDataSource.swift */,
			);
			path = RootViewController;
			sourceTree = "<group>";
		};
		D3D56E9227163CFF006E14EE /* TableView */ = {
			isa = PBXGroup;
			children = (
				D3D56E9327163D0B006E14EE /* Cells */,
			);
			path = TableView;
			sourceTree = "<group>";
		};
		D3D56E9327163D0B006E14EE /* Cells */ = {
			isa = PBXGroup;
			children = (
				D3D56E9427163D3F006E14EE /* PrimeiraCelulaModelCell.xib */,
				D3D56E9627163D50006E14EE /* PrimeiraCelulaModelCell.swift */,
				D3D56E9827163D60006E14EE /* PrimeiraCelulaModel.swift */,
			);
			path = Cells;
			sourceTree = "<group>";
		};
		D3D56E9F27185A47006E14EE /* TableView */ = {
			isa = PBXGroup;
			children = (
				D32BE0BE271A3C75004DE73A /* Cells */,
			);
			path = TableView;
			sourceTree = "<group>";
		};
/* End PBXGroup section */

/* Begin PBXNativeTarget section */
		D3D56E6D271630D2006E14EE /* SlaterTableView */ = {
			isa = PBXNativeTarget;
			buildConfigurationList = D3D56E82271630D4006E14EE /* Build configuration list for PBXNativeTarget "SlaterTableView" */;
			buildPhases = (
				D3D56E6A271630D2006E14EE /* Sources */,
				D3D56E6B271630D2006E14EE /* Frameworks */,
				D3D56E6C271630D2006E14EE /* Resources */,
			);
			buildRules = (
			);
			dependencies = (
			);
			name = SlaterTableView;
			productName = SlaterTableView;
			productReference = D3D56E6E271630D2006E14EE /* SlaterTableView.app */;
			productType = "com.apple.product-type.application";
		};
/* End PBXNativeTarget section */

/* Begin PBXProject section */
		D3D56E66271630D2006E14EE /* Project object */ = {
			isa = PBXProject;
			attributes = {
				LastSwiftUpdateCheck = 1250;
				LastUpgradeCheck = 1250;
				TargetAttributes = {
					D3D56E6D271630D2006E14EE = {
						CreatedOnToolsVersion = 12.5.1;
					};
				};
			};
			buildConfigurationList = D3D56E69271630D2006E14EE /* Build configuration list for PBXProject "SlaterTableView" */;
			compatibilityVersion = "Xcode 9.3";
			developmentRegion = en;
			hasScannedForEncodings = 0;
			knownRegions = (
				en,
				Base,
			);
			mainGroup = D3D56E65271630D2006E14EE;
			productRefGroup = D3D56E6F271630D2006E14EE /* Products */;
			projectDirPath = "";
			projectRoot = "";
			targets = (
				D3D56E6D271630D2006E14EE /* SlaterTableView */,
			);
		};
/* End PBXProject section */

/* Begin PBXResourcesBuildPhase section */
		D3D56E6C271630D2006E14EE /* Resources */ = {
			isa = PBXResourcesBuildPhase;
			buildActionMask = 2147483647;
			files = (
				D32BE0B22719A880004DE73A /* Card2ModelCell.xib in Resources */,
				D3D56E9527163D3F006E14EE /* PrimeiraCelulaModelCell.xib in Resources */,
				D32BE0C4271A3FF8004DE73A /* Card3ModelCell.xib in Resources */,
				D3D56EA227185B29006E14EE /* Card1ModelCell.xib in Resources */,
				D3D56E7E271630D4006E14EE /* LaunchScreen.storyboard in Resources */,
				D3D56E7B271630D4006E14EE /* Assets.xcassets in Resources */,
				D3D56E79271630D2006E14EE /* Main.storyboard in Resources */,
			);
			runOnlyForDeploymentPostprocessing = 0;
		};
/* End PBXResourcesBuildPhase section */

/* Begin PBXSourcesBuildPhase section */
		D3D56E6A271630D2006E14EE /* Sources */ = {
			isa = PBXSourcesBuildPhase;
			buildActionMask = 2147483647;
			files = (
				D3D56E9127163ABD006E14EE /* RootDataSource.swift in Sources */,
				D3D56E8F27163A99006E14EE /* PrincipalRootViewController.swift in Sources */,
				D32BE0B42719A8C1004DE73A /* Card2ModelCell.swift in Sources */,
				D3D56E76271630D2006E14EE /* ViewController.swift in Sources */,
				D3D56E9727163D50006E14EE /* PrimeiraCelulaModelCell.swift in Sources */,
				D32BE0B62719A8F7004DE73A /* Card2Model.swift in Sources */,
				D3D56E9927163D60006E14EE /* PrimeiraCelulaModel.swift in Sources */,
				D3D56E72271630D2006E14EE /* AppDelegate.swift in Sources */,
				D3D56E9B2716455B006E14EE /* GlobalExtension.swift in Sources */,
				D3D56E8A27163381006E14EE /* GlobalProtocol.swift in Sources */,
				D3D56EA627185B6F006E14EE /* Card1Model.swift in Sources */,
				D3D56E74271630D2006E14EE /* SceneDelegate.swift in Sources */,
				D32BE0C2271A3FCB004DE73A /* Card3Model.swift in Sources */,
				D3D56EA82718E963006E14EE /* Card1ViewController.swift in Sources */,
				D32BE0C0271A3FBB004DE73A /* Card3ModelCell.swift in Sources */,
				D3D56EA427185B57006E14EE /* Card1ModelCell.swift in Sources */,
				D32BE0AE27191300004DE73A /* Card1DataSource.swift in Sources */,
			);
			runOnlyForDeploymentPostprocessing = 0;
		};
/* End PBXSourcesBuildPhase section */

/* Begin PBXVariantGroup section */
		D3D56E77271630D2006E14EE /* Main.storyboard */ = {
			isa = PBXVariantGroup;
			children = (
				D3D56E78271630D2006E14EE /* Base */,
			);
			name = Main.storyboard;
			sourceTree = "<group>";
		};
		D3D56E7C271630D4006E14EE /* LaunchScreen.storyboard */ = {
			isa = PBXVariantGroup;
			children = (
				D3D56E7D271630D4006E14EE /* Base */,
			);
			name = LaunchScreen.storyboard;
			sourceTree = "<group>";
		};
/* End PBXVariantGroup section */

/* Begin XCBuildConfiguration section */
		D3D56E80271630D4006E14EE /* Debug */ = {
			isa = XCBuildConfiguration;
			buildSettings = {
				ALWAYS_SEARCH_USER_PATHS = NO;
				CLANG_ANALYZER_NONNULL = YES;
				CLANG_ANALYZER_NUMBER_OBJECT_CONVERSION = YES_AGGRESSIVE;
				CLANG_CXX_LANGUAGE_STANDARD = "gnu++14";
				CLANG_CXX_LIBRARY = "libc++";
				CLANG_ENABLE_MODULES = YES;
				CLANG_ENABLE_OBJC_ARC = YES;
				CLANG_ENABLE_OBJC_WEAK = YES;
				CLANG_WARN_BLOCK_CAPTURE_AUTORELEASING = YES;
				CLANG_WARN_BOOL_CONVERSION = YES;
				CLANG_WARN_COMMA = YES;
				CLANG_WARN_CONSTANT_CONVERSION = YES;
				CLANG_WARN_DEPRECATED_OBJC_IMPLEMENTATIONS = YES;
				CLANG_WARN_DIRECT_OBJC_ISA_USAGE = YES_ERROR;
				CLANG_WARN_DOCUMENTATION_COMMENTS = YES;
				CLANG_WARN_EMPTY_BODY = YES;
				CLANG_WARN_ENUM_CONVERSION = YES;
				CLANG_WARN_INFINITE_RECURSION = YES;
				CLANG_WARN_INT_CONVERSION = YES;
				CLANG_WARN_NON_LITERAL_NULL_CONVERSION = YES;
				CLANG_WARN_OBJC_IMPLICIT_RETAIN_SELF = YES;
				CLANG_WARN_OBJC_LITERAL_CONVERSION = YES;
				CLANG_WARN_OBJC_ROOT_CLASS = YES_ERROR;
				CLANG_WARN_QUOTED_INCLUDE_IN_FRAMEWORK_HEADER = YES;
				CLANG_WARN_RANGE_LOOP_ANALYSIS = YES;
				CLANG_WARN_STRICT_PROTOTYPES = YES;
				CLANG_WARN_SUSPICIOUS_MOVE = YES;
				CLANG_WARN_UNGUARDED_AVAILABILITY = YES_AGGRESSIVE;
				CLANG_WARN_UNREACHABLE_CODE = YES;
				CLANG_WARN__DUPLICATE_METHOD_MATCH = YES;
				COPY_PHASE_STRIP = NO;
				DEBUG_INFORMATION_FORMAT = dwarf;
				ENABLE_STRICT_OBJC_MSGSEND = YES;
				ENABLE_TESTABILITY = YES;
				GCC_C_LANGUAGE_STANDARD = gnu11;
				GCC_DYNAMIC_NO_PIC = NO;
				GCC_NO_COMMON_BLOCKS = YES;
				GCC_OPTIMIZATION_LEVEL = 0;
				GCC_PREPROCESSOR_DEFINITIONS = (
					"DEBUG=1",
					"$(inherited)",
				);
				GCC_WARN_64_TO_32_BIT_CONVERSION = YES;
				GCC_WARN_ABOUT_RETURN_TYPE = YES_ERROR;
				GCC_WARN_UNDECLARED_SELECTOR = YES;
				GCC_WARN_UNINITIALIZED_AUTOS = YES_AGGRESSIVE;
				GCC_WARN_UNUSED_FUNCTION = YES;
				GCC_WARN_UNUSED_VARIABLE = YES;
				IPHONEOS_DEPLOYMENT_TARGET = 14.5;
				MTL_ENABLE_DEBUG_INFO = INCLUDE_SOURCE;
				MTL_FAST_MATH = YES;
				ONLY_ACTIVE_ARCH = YES;
				SDKROOT = iphoneos;
				SWIFT_ACTIVE_COMPILATION_CONDITIONS = DEBUG;
				SWIFT_OPTIMIZATION_LEVEL = "-Onone";
			};
			name = Debug;
		};
		D3D56E81271630D4006E14EE /* Release */ = {
			isa = XCBuildConfiguration;
			buildSettings = {
				ALWAYS_SEARCH_USER_PATHS = NO;
				CLANG_ANALYZER_NONNULL = YES;
				CLANG_ANALYZER_NUMBER_OBJECT_CONVERSION = YES_AGGRESSIVE;
				CLANG_CXX_LANGUAGE_STANDARD = "gnu++14";
				CLANG_CXX_LIBRARY = "libc++";
				CLANG_ENABLE_MODULES = YES;
				CLANG_ENABLE_OBJC_ARC = YES;
				CLANG_ENABLE_OBJC_WEAK = YES;
				CLANG_WARN_BLOCK_CAPTURE_AUTORELEASING = YES;
				CLANG_WARN_BOOL_CONVERSION = YES;
				CLANG_WARN_COMMA = YES;
				CLANG_WARN_CONSTANT_CONVERSION = YES;
				CLANG_WARN_DEPRECATED_OBJC_IMPLEMENTATIONS = YES;
				CLANG_WARN_DIRECT_OBJC_ISA_USAGE = YES_ERROR;
				CLANG_WARN_DOCUMENTATION_COMMENTS = YES;
				CLANG_WARN_EMPTY_BODY = YES;
				CLANG_WARN_ENUM_CONVERSION = YES;
				CLANG_WARN_INFINITE_RECURSION = YES;
				CLANG_WARN_INT_CONVERSION = YES;
				CLANG_WARN_NON_LITERAL_NULL_CONVERSION = YES;
				CLANG_WARN_OBJC_IMPLICIT_RETAIN_SELF = YES;
				CLANG_WARN_OBJC_LITERAL_CONVERSION = YES;
				CLANG_WARN_OBJC_ROOT_CLASS = YES_ERROR;
				CLANG_WARN_QUOTED_INCLUDE_IN_FRAMEWORK_HEADER = YES;
				CLANG_WARN_RANGE_LOOP_ANALYSIS = YES;
				CLANG_WARN_STRICT_PROTOTYPES = YES;
				CLANG_WARN_SUSPICIOUS_MOVE = YES;
				CLANG_WARN_UNGUARDED_AVAILABILITY = YES_AGGRESSIVE;
				CLANG_WARN_UNREACHABLE_CODE = YES;
				CLANG_WARN__DUPLICATE_METHOD_MATCH = YES;
				COPY_PHASE_STRIP = NO;
				DEBUG_INFORMATION_FORMAT = "dwarf-with-dsym";
				ENABLE_NS_ASSERTIONS = NO;
				ENABLE_STRICT_OBJC_MSGSEND = YES;
				GCC_C_LANGUAGE_STANDARD = gnu11;
				GCC_NO_COMMON_BLOCKS = YES;
				GCC_WARN_64_TO_32_BIT_CONVERSION = YES;
				GCC_WARN_ABOUT_RETURN_TYPE = YES_ERROR;
				GCC_WARN_UNDECLARED_SELECTOR = YES;
				GCC_WARN_UNINITIALIZED_AUTOS = YES_AGGRESSIVE;
				GCC_WARN_UNUSED_FUNCTION = YES;
				GCC_WARN_UNUSED_VARIABLE = YES;
				IPHONEOS_DEPLOYMENT_TARGET = 14.5;
				MTL_ENABLE_DEBUG_INFO = NO;
				MTL_FAST_MATH = YES;
				SDKROOT = iphoneos;
				SWIFT_COMPILATION_MODE = wholemodule;
				SWIFT_OPTIMIZATION_LEVEL = "-O";
				VALIDATE_PRODUCT = YES;
			};
			name = Release;
		};
		D3D56E83271630D4006E14EE /* Debug */ = {
			isa = XCBuildConfiguration;
			buildSettings = {
				ASSETCATALOG_COMPILER_APPICON_NAME = AppIcon;
				ASSETCATALOG_COMPILER_GLOBAL_ACCENT_COLOR_NAME = AccentColor;
				CODE_SIGN_STYLE = Automatic;
				DEVELOPMENT_TEAM = LWABM5NUJY;
				INFOPLIST_FILE = SlaterTableView/Info.plist;
				LD_RUNPATH_SEARCH_PATHS = (
					"$(inherited)",
					"@executable_path/Frameworks",
				);
				PRODUCT_BUNDLE_IDENTIFIER = br.com.lincesapp.SlaterTableView;
				PRODUCT_NAME = "$(TARGET_NAME)";
				SWIFT_VERSION = 5.0;
				TARGETED_DEVICE_FAMILY = "1,2";
			};
			name = Debug;
		};
		D3D56E84271630D4006E14EE /* Release */ = {
			isa = XCBuildConfiguration;
			buildSettings = {
				ASSETCATALOG_COMPILER_APPICON_NAME = AppIcon;
				ASSETCATALOG_COMPILER_GLOBAL_ACCENT_COLOR_NAME = AccentColor;
				CODE_SIGN_STYLE = Automatic;
				DEVELOPMENT_TEAM = LWABM5NUJY;
				INFOPLIST_FILE = SlaterTableView/Info.plist;
				LD_RUNPATH_SEARCH_PATHS = (
					"$(inherited)",
					"@executable_path/Frameworks",
				);
				PRODUCT_BUNDLE_IDENTIFIER = br.com.lincesapp.SlaterTableView;
				PRODUCT_NAME = "$(TARGET_NAME)";
				SWIFT_VERSION = 5.0;
				TARGETED_DEVICE_FAMILY = "1,2";
			};
			name = Release;
		};
/* End XCBuildConfiguration section */

/* Begin XCConfigurationList section */
		D3D56E69271630D2006E14EE /* Build configuration list for PBXProject "SlaterTableView" */ = {
			isa = XCConfigurationList;
			buildConfigurations = (
				D3D56E80271630D4006E14EE /* Debug */,
				D3D56E81271630D4006E14EE /* Release */,
			);
			defaultConfigurationIsVisible = 0;
			defaultConfigurationName = Release;
		};
		D3D56E82271630D4006E14EE /* Build configuration list for PBXNativeTarget "SlaterTableView" */ = {
			isa = XCConfigurationList;
			buildConfigurations = (
				D3D56E83271630D4006E14EE /* Debug */,
				D3D56E84271630D4006E14EE /* Release */,
			);
			defaultConfigurationIsVisible = 0;
			defaultConfigurationName = Release;
		};
/* End XCConfigurationList section */
	};
	rootObject = D3D56E66271630D2006E14EE /* Project object */;
}
